
Microsoft Visual Studio Solution File, Format Version 12.00
# Visual Studio Version 17
VisualStudioVersion = 17.0.32112.339
MinimumVisualStudioVersion = 10.0.40219.1
Project("{9A19103F-16F7-4668-BE54-9A1E7A4F7556}") = "Exercicio01ConsoleApp1", "Exercicio02ConsoleApp1\Exercicio01ConsoleApp1.csproj", "{564F1C18-98F1-4199-A3E1-B92AE2C18D7B}"
EndProject
Project("{9A19103F-16F7-4668-BE54-9A1E7A4F7556}") = "Exercicio02.ConsoleApp1", "Exercicio02.ConsoleApp1\Exercicio02.ConsoleApp1.csproj", "{3FC17F2C-C343-409A-9A2B-1D25FD3E20D7}"
EndProject
Project("{FAE04EC0-301F-11D3-BF4B-00C04F79EFBC}") = "Exercicio03.ConsoleApp1", "Exercicio03.ConsoleApp1\Exercicio03.ConsoleApp1.csproj", "{5A736488-7D7B-4CA6-B8BA-0BE93AAE723F}"
EndProject
Project("{FAE04EC0-301F-11D3-BF4B-00C04F79EFBC}") = "Exercicio04.ConsoleApp1", "Exercicio04.ConsoleApp1\Exercicio04.ConsoleApp1.csproj", "{98BCCC06-BDAC-4C58-B29C-3480598F6E4F}"
EndProject
Project("{FAE04EC0-301F-11D3-BF4B-00C04F79EFBC}") = "Exercicio05.ConsoleApp1", "ConsoleApp1\Exercicio05.ConsoleApp1.csproj", "{1F74E320-CD6B-4656-A727-DB3E017F3A46}"
EndProject
Global
	GlobalSection(SolutionConfigurationPlatforms) = preSolution
		Debug|Any CPU = Debug|Any CPU
		Release|Any CPU = Release|Any CPU
	EndGlobalSection
	GlobalSection(ProjectConfigurationPlatforms) = postSolution
		{564F1C18-98F1-4199-A3E1-B92AE2C18D7B}.Debug|Any CPU.ActiveCfg = Debug|Any CPU
		{564F1C18-98F1-4199-A3E1-B92AE2C18D7B}.Debug|Any CPU.Build.0 = Debug|Any CPU
		{564F1C18-98F1-4199-A3E1-B92AE2C18D7B}.Release|Any CPU.ActiveCfg = Release|Any CPU
		{564F1C18-98F1-4199-A3E1-B92AE2C18D7B}.Release|Any CPU.Build.0 = Release|Any CPU
		{3FC17F2C-C343-409A-9A2B-1D25FD3E20D7}.Debug|Any CPU.ActiveCfg = Debug|Any CPU
		{3FC17F2C-C343-409A-9A2B-1D25FD3E20D7}.Debug|Any CPU.Build.0 = Debug|Any CPU
		{3FC17F2C-C343-409A-9A2B-1D25FD3E20D7}.Release|Any CPU.ActiveCfg = Release|Any CPU
		{3FC17F2C-C343-409A-9A2B-1D25FD3E20D7}.Release|Any CPU.Build.0 = Release|Any CPU
		{5A736488-7D7B-4CA6-B8BA-0BE93AAE723F}.Debug|Any CPU.ActiveCfg = Debug|Any CPU
		{5A736488-7D7B-4CA6-B8BA-0BE93AAE723F}.Debug|Any CPU.Build.0 = Debug|Any CPU
		{5A736488-7D7B-4CA6-B8BA-0BE93AAE723F}.Release|Any CPU.ActiveCfg = Release|Any CPU
		{5A736488-7D7B-4CA6-B8BA-0BE93AAE723F}.Release|Any CPU.Build.0 = Release|Any CPU
		{98BCCC06-BDAC-4C58-B29C-3480598F6E4F}.Debug|Any CPU.ActiveCfg = Debug|Any CPU
		{98BCCC06-BDAC-4C58-B29C-3480598F6E4F}.Debug|Any CPU.Build.0 = Debug|Any CPU
		{98BCCC06-BDAC-4C58-B29C-3480598F6E4F}.Release|Any CPU.ActiveCfg = Release|Any CPU
		{98BCCC06-BDAC-4C58-B29C-3480598F6E4F}.Release|Any CPU.Build.0 = Release|Any CPU
		{1F74E320-CD6B-4656-A727-DB3E017F3A46}.Debug|Any CPU.ActiveCfg = Debug|Any CPU
		{1F74E320-CD6B-4656-A727-DB3E017F3A46}.Debug|Any CPU.Build.0 = Debug|Any CPU
		{1F74E320-CD6B-4656-A727-DB3E017F3A46}.Release|Any CPU.ActiveCfg = Release|Any CPU
		{1F74E320-CD6B-4656-A727-DB3E017F3A46}.Release|Any CPU.Build.0 = Release|Any CPU
	EndGlobalSection
	GlobalSection(SolutionProperties) = preSolution
		HideSolutionNode = FALSE
	EndGlobalSection
	GlobalSection(ExtensibilityGlobals) = postSolution
		SolutionGuid = {3030D957-347B-4C72-B4A6-C3C1823188E9}
	EndGlobalSection
EndGlobal
